{
  "name": "acorn-test",
  "version": "1.0.0",
  "lockfileVersion": 1,
  "requires": true,
  "dependencies": {
    "acorn": {
      "version": "6.4.1",
      "resolved": "https://registry.npmjs.org/acorn/-/acorn-6.4.1.tgz",
      "integrity": "sha512-ZVA9k326Nwrj3Cj9jlh3wGFutC2ZornPNARZwsNYqQYgN0EsV2d53w5RN/co65Ohn4sUAUtb1rSUAOD6XN9idA=="
    },
    "extend": {
      "version": "2.0.2",
      "resolved": "https://registry.npmjs.org/extend/-/extend-2.0.2.tgz",
      "integrity": "sha512-AgFD4VU+lVLP6vjnlNfF7OeInLTyeyckCNPEsuxz1vi786UuK/nk6ynPuhn/h+Ju9++TQyr5EpLRI14fc1QtTQ=="
    }
  }
}
