{
  "name": "acorn-test",
  "version": "1.0.0",
  "lockfileVersion": 1,
  "requires": true,
  "dependencies": {
    "acorn": {
      "version": "8.2.2",
      "resolved": "https://registry.npmjs.org/acorn/-/acorn-8.2.2.tgz",
      "integrity": "sha512-VrMS8kxT0e7J1EX0p6rI/E0FbfOVcvBpbIqHThFv+f8YrZIlMfVotYcXKVPmTvPW8sW5miJzfUFrrvthUZg8VQ=="
    },
    "extend": {
      "version": "2.0.2",
      "resolved": "https://registry.npmjs.org/extend/-/extend-2.0.2.tgz",
      "integrity": "sha512-AgFD4VU+lVLP6vjnlNfF7OeInLTyeyckCNPEsuxz1vi786UuK/nk6ynPuhn/h+Ju9++TQyr5EpLRI14fc1QtTQ=="
    }
  }
}
