{
  "name": "acorn-test",
  "version": "1.0.0",
  "lockfileVersion": 1,
  "requires": true,
  "dependencies": {
    "acorn": {
      "version": "8.0.2",
      "resolved": "https://registry.npmjs.org/acorn/-/acorn-8.0.2.tgz",
      "integrity": "sha512-t0Dw7AOyeKs4nez4dhzkBDHB28ICo1pxk3UFsLfsCHOkLW+CwbAZJPMa0vBbq0Mqsslhb7n/7H4qB5txaVQ4ew=="
    },
    "extend": {
      "version": "2.0.2",
      "resolved": "https://registry.npmjs.org/extend/-/extend-2.0.2.tgz",
      "integrity": "sha512-AgFD4VU+lVLP6vjnlNfF7OeInLTyeyckCNPEsuxz1vi786UuK/nk6ynPuhn/h+Ju9++TQyr5EpLRI14fc1QtTQ=="
    }
  }
}
